
Microsoft Visual Studio Solution File, Format Version 12.00
# Visual Studio Version 17
VisualStudioVersion = 17.5.002.0
MinimumVisualStudioVersion = 10.0.40219.1
Project("{9A19103F-16F7-4668-BE54-9A1E7A4F7556}") = "TechTitleService", "TechTitleService.csproj", "{635F83B4-DEF3-4870-B975-626A3F8281CE}"
EndProject
Global
	GlobalSection(SolutionConfigurationPlatforms) = preSolution
		Debug|Any CPU = Debug|Any CPU
		Release|Any CPU = Release|Any CPU
	EndGlobalSection
	GlobalSection(ProjectConfigurationPlatforms) = postSolution
		{635F83B4-DEF3-4870-B975-626A3F8281CE}.Debug|Any CPU.ActiveCfg = Debug|Any CPU
		{635F83B4-DEF3-4870-B975-626A3F8281CE}.Debug|Any CPU.Build.0 = Debug|Any CPU
		{635F83B4-DEF3-4870-B975-626A3F8281CE}.Release|Any CPU.ActiveCfg = Release|Any CPU
		{635F83B4-DEF3-4870-B975-626A3F8281CE}.Release|Any CPU.Build.0 = Release|Any CPU
	EndGlobalSection
	GlobalSection(SolutionProperties) = preSolution
		HideSolutionNode = FALSE
	EndGlobalSection
	GlobalSection(ExtensibilityGlobals) = postSolution
		SolutionGuid = {36F1AC03-7D50-47E9-A421-3E69A7B4F55B}
	EndGlobalSection
EndGlobal
